
Microsoft Visual Studio Solution File, Format Version 12.00
# Visual Studio Version 17
VisualStudioVersion = 17.4.33403.182
MinimumVisualStudioVersion = 10.0.40219.1
Project("{FAE04EC0-301F-11D3-BF4B-00C04F79EFBC}") = "ZH", "ZH.csproj", "{7535E9A3-859A-4BF1-82F3-8483CCC3160E}"
EndProject
Global
	GlobalSection(SolutionConfigurationPlatforms) = preSolution
		Debug|Any CPU = Debug|Any CPU
		Release|Any CPU = Release|Any CPU
	EndGlobalSection
	GlobalSection(ProjectConfigurationPlatforms) = postSolution
		{7535E9A3-859A-4BF1-82F3-8483CCC3160E}.Debug|Any CPU.ActiveCfg = Debug|Any CPU
		{7535E9A3-859A-4BF1-82F3-8483CCC3160E}.Debug|Any CPU.Build.0 = Debug|Any CPU
		{7535E9A3-859A-4BF1-82F3-8483CCC3160E}.Release|Any CPU.ActiveCfg = Release|Any CPU
		{7535E9A3-859A-4BF1-82F3-8483CCC3160E}.Release|Any CPU.Build.0 = Release|Any CPU
	EndGlobalSection
	GlobalSection(SolutionProperties) = preSolution
		HideSolutionNode = FALSE
	EndGlobalSection
	GlobalSection(ExtensibilityGlobals) = postSolution
		SolutionGuid = {D398F68E-A324-4A65-994E-8CFC261AC9AC}
	EndGlobalSection
EndGlobal
