
Microsoft Visual Studio Solution File, Format Version 12.00
# Visual Studio Version 17
VisualStudioVersion = 17.5.33502.453
MinimumVisualStudioVersion = 10.0.40219.1
Project("{FAE04EC0-301F-11D3-BF4B-00C04F79EFBC}") = "ChessMatrix", "ChessMatrix\ChessMatrix.csproj", "{3C77C513-88EB-4BC5-93A5-FE2BAE353E97}"
EndProject
Project("{FAE04EC0-301F-11D3-BF4B-00C04F79EFBC}") = "UnitTest", "UnitTest\UnitTest.csproj", "{97BF385B-C2F2-4217-AA63-416F7ACA98D7}"
EndProject
Global
	GlobalSection(SolutionConfigurationPlatforms) = preSolution
		Debug|Any CPU = Debug|Any CPU
		Release|Any CPU = Release|Any CPU
	EndGlobalSection
	GlobalSection(ProjectConfigurationPlatforms) = postSolution
		{3C77C513-88EB-4BC5-93A5-FE2BAE353E97}.Debug|Any CPU.ActiveCfg = Debug|Any CPU
		{3C77C513-88EB-4BC5-93A5-FE2BAE353E97}.Debug|Any CPU.Build.0 = Debug|Any CPU
		{3C77C513-88EB-4BC5-93A5-FE2BAE353E97}.Release|Any CPU.ActiveCfg = Release|Any CPU
		{3C77C513-88EB-4BC5-93A5-FE2BAE353E97}.Release|Any CPU.Build.0 = Release|Any CPU
		{97BF385B-C2F2-4217-AA63-416F7ACA98D7}.Debug|Any CPU.ActiveCfg = Debug|Any CPU
		{97BF385B-C2F2-4217-AA63-416F7ACA98D7}.Debug|Any CPU.Build.0 = Debug|Any CPU
		{97BF385B-C2F2-4217-AA63-416F7ACA98D7}.Release|Any CPU.ActiveCfg = Release|Any CPU
		{97BF385B-C2F2-4217-AA63-416F7ACA98D7}.Release|Any CPU.Build.0 = Release|Any CPU
	EndGlobalSection
	GlobalSection(SolutionProperties) = preSolution
		HideSolutionNode = FALSE
	EndGlobalSection
	GlobalSection(ExtensibilityGlobals) = postSolution
		SolutionGuid = {08AF6C7B-81A6-412D-9249-7997DBFE1B4D}
	EndGlobalSection
EndGlobal
